
Microsoft Visual Studio Solution File, Format Version 12.00
# Visual Studio Version 17
VisualStudioVersion = 17.11.35208.52
MinimumVisualStudioVersion = 10.0.40219.1
Project("{FAE04EC0-301F-11D3-BF4B-00C04F79EFBC}") = "OPP_lab1_oleksiuk_C#", "OPP_lab1_oleksiuk_C#.csproj", "{827508C5-852C-438F-92DE-861C09E39111}"
EndProject
Global
	GlobalSection(SolutionConfigurationPlatforms) = preSolution
		Debug|Any CPU = Debug|Any CPU
		Release|Any CPU = Release|Any CPU
	EndGlobalSection
	GlobalSection(ProjectConfigurationPlatforms) = postSolution
		{827508C5-852C-438F-92DE-861C09E39111}.Debug|Any CPU.ActiveCfg = Debug|Any CPU
		{827508C5-852C-438F-92DE-861C09E39111}.Debug|Any CPU.Build.0 = Debug|Any CPU
		{827508C5-852C-438F-92DE-861C09E39111}.Release|Any CPU.ActiveCfg = Release|Any CPU
		{827508C5-852C-438F-92DE-861C09E39111}.Release|Any CPU.Build.0 = Release|Any CPU
	EndGlobalSection
	GlobalSection(SolutionProperties) = preSolution
		HideSolutionNode = FALSE
	EndGlobalSection
	GlobalSection(ExtensibilityGlobals) = postSolution
		SolutionGuid = {AC1A53DD-4790-4D7D-A404-5F849009969A}
	EndGlobalSection
EndGlobal
