
Microsoft Visual Studio Solution File, Format Version 12.00
# Visual Studio Version 17
VisualStudioVersion = 17.11.35208.52
MinimumVisualStudioVersion = 10.0.40219.1
Project("{FAE04EC0-301F-11D3-BF4B-00C04F79EFBC}") = "XO_Oleksiuk", "XO_Oleksiuk.csproj", "{B8E9B9CC-36C5-40FF-A47A-E120C365BB4E}"
EndProject
Global
	GlobalSection(SolutionConfigurationPlatforms) = preSolution
		Debug|Any CPU = Debug|Any CPU
		Release|Any CPU = Release|Any CPU
	EndGlobalSection
	GlobalSection(ProjectConfigurationPlatforms) = postSolution
		{B8E9B9CC-36C5-40FF-A47A-E120C365BB4E}.Debug|Any CPU.ActiveCfg = Debug|Any CPU
		{B8E9B9CC-36C5-40FF-A47A-E120C365BB4E}.Debug|Any CPU.Build.0 = Debug|Any CPU
		{B8E9B9CC-36C5-40FF-A47A-E120C365BB4E}.Release|Any CPU.ActiveCfg = Release|Any CPU
		{B8E9B9CC-36C5-40FF-A47A-E120C365BB4E}.Release|Any CPU.Build.0 = Release|Any CPU
	EndGlobalSection
	GlobalSection(SolutionProperties) = preSolution
		HideSolutionNode = FALSE
	EndGlobalSection
	GlobalSection(ExtensibilityGlobals) = postSolution
		SolutionGuid = {DE14A146-6BEC-450A-BBB2-C403653E9B42}
	EndGlobalSection
EndGlobal
